
Microsoft Visual Studio Solution File, Format Version 12.00
# Visual Studio for Mac
Project("{FAE04EC0-301F-11D3-BF4B-00C04F79EFBC}") = "DaydreamVR", "DaydreamVR.csproj", "{5FEAF6F2-B100-7CD4-4D1B-257AAA2BD114}"
EndProject
Project("{FAE04EC0-301F-11D3-BF4B-00C04F79EFBC}") = "DaydreamVR.Plugins", "DaydreamVR.Plugins.csproj", "{5C54CCF1-0060-7220-666F-E376BCD807AE}"
EndProject
Project("{FAE04EC0-301F-11D3-BF4B-00C04F79EFBC}") = "DaydreamVR.Editor", "DaydreamVR.Editor.csproj", "{8631F678-C72D-362A-6310-F8751EB8E214}"
EndProject
Global
	GlobalSection(SolutionConfigurationPlatforms) = preSolution
		Debug|Any CPU = Debug|Any CPU
		Release|Any CPU = Release|Any CPU
	EndGlobalSection
	GlobalSection(ProjectConfigurationPlatforms) = postSolution
		{5FEAF6F2-B100-7CD4-4D1B-257AAA2BD114}.Debug|Any CPU.ActiveCfg = Debug|Any CPU
		{5FEAF6F2-B100-7CD4-4D1B-257AAA2BD114}.Debug|Any CPU.Build.0 = Debug|Any CPU
		{5FEAF6F2-B100-7CD4-4D1B-257AAA2BD114}.Release|Any CPU.ActiveCfg = Release|Any CPU
		{5FEAF6F2-B100-7CD4-4D1B-257AAA2BD114}.Release|Any CPU.Build.0 = Release|Any CPU
		{5C54CCF1-0060-7220-666F-E376BCD807AE}.Debug|Any CPU.ActiveCfg = Debug|Any CPU
		{5C54CCF1-0060-7220-666F-E376BCD807AE}.Debug|Any CPU.Build.0 = Debug|Any CPU
		{5C54CCF1-0060-7220-666F-E376BCD807AE}.Release|Any CPU.ActiveCfg = Release|Any CPU
		{5C54CCF1-0060-7220-666F-E376BCD807AE}.Release|Any CPU.Build.0 = Release|Any CPU
		{8631F678-C72D-362A-6310-F8751EB8E214}.Debug|Any CPU.ActiveCfg = Debug|Any CPU
		{8631F678-C72D-362A-6310-F8751EB8E214}.Debug|Any CPU.Build.0 = Debug|Any CPU
		{8631F678-C72D-362A-6310-F8751EB8E214}.Release|Any CPU.ActiveCfg = Release|Any CPU
		{8631F678-C72D-362A-6310-F8751EB8E214}.Release|Any CPU.Build.0 = Release|Any CPU
	EndGlobalSection
	GlobalSection(SolutionProperties) = preSolution
		HideSolutionNode = FALSE
	EndGlobalSection
EndGlobal
